
Microsoft Visual Studio Solution File, Format Version 12.00
# Visual Studio 2013
VisualStudioVersion = 12.0.30324.0
MinimumVisualStudioVersion = 10.0.40219.1
Project("{FAE04EC0-301F-11D3-BF4B-00C04F79EFBC}") = "H01_Underscore-JS", "H01_Underscore-JS.csproj", "{6DF714EB-B5B3-4CC0-957D-A597D3DA25EC}"
EndProject
Global
	GlobalSection(SolutionConfigurationPlatforms) = preSolution
		Debug|Any CPU = Debug|Any CPU
		Release|Any CPU = Release|Any CPU
	EndGlobalSection
	GlobalSection(ProjectConfigurationPlatforms) = postSolution
		{6DF714EB-B5B3-4CC0-957D-A597D3DA25EC}.Debug|Any CPU.ActiveCfg = Debug|Any CPU
		{6DF714EB-B5B3-4CC0-957D-A597D3DA25EC}.Debug|Any CPU.Build.0 = Debug|Any CPU
		{6DF714EB-B5B3-4CC0-957D-A597D3DA25EC}.Release|Any CPU.ActiveCfg = Release|Any CPU
		{6DF714EB-B5B3-4CC0-957D-A597D3DA25EC}.Release|Any CPU.Build.0 = Release|Any CPU
	EndGlobalSection
	GlobalSection(SolutionProperties) = preSolution
		HideSolutionNode = FALSE
	EndGlobalSection
EndGlobal
