
Microsoft Visual Studio Solution File, Format Version 12.00
# Visual Studio 2013
VisualStudioVersion = 12.0.30324.0
MinimumVisualStudioVersion = 10.0.40219.1
Project("{FAE04EC0-301F-11D3-BF4B-00C04F79EFBC}") = "StudentSystem.Data", "StudentSystem.Data\StudentSystem.Data.csproj", "{772CBD24-64AD-47B4-9139-DE8ACA119265}"
EndProject
Project("{FAE04EC0-301F-11D3-BF4B-00C04F79EFBC}") = "StudentSystem.Models", "StudentSystem.Models\StudentSystem.Models.csproj", "{0C1EE3D4-42B5-4723-9A2F-1EA771AA6806}"
EndProject
Project("{FAE04EC0-301F-11D3-BF4B-00C04F79EFBC}") = "StudentSystem.ConsoleClient", "StudentSystem.ConsoleClient\StudentSystem.ConsoleClient.csproj", "{39946540-390D-4DEB-B38A-D6ADB18ACF11}"
EndProject
Global
	GlobalSection(SolutionConfigurationPlatforms) = preSolution
		Debug|Any CPU = Debug|Any CPU
		Release|Any CPU = Release|Any CPU
	EndGlobalSection
	GlobalSection(ProjectConfigurationPlatforms) = postSolution
		{772CBD24-64AD-47B4-9139-DE8ACA119265}.Debug|Any CPU.ActiveCfg = Debug|Any CPU
		{772CBD24-64AD-47B4-9139-DE8ACA119265}.Debug|Any CPU.Build.0 = Debug|Any CPU
		{772CBD24-64AD-47B4-9139-DE8ACA119265}.Release|Any CPU.ActiveCfg = Release|Any CPU
		{772CBD24-64AD-47B4-9139-DE8ACA119265}.Release|Any CPU.Build.0 = Release|Any CPU
		{0C1EE3D4-42B5-4723-9A2F-1EA771AA6806}.Debug|Any CPU.ActiveCfg = Debug|Any CPU
		{0C1EE3D4-42B5-4723-9A2F-1EA771AA6806}.Debug|Any CPU.Build.0 = Debug|Any CPU
		{0C1EE3D4-42B5-4723-9A2F-1EA771AA6806}.Release|Any CPU.ActiveCfg = Release|Any CPU
		{0C1EE3D4-42B5-4723-9A2F-1EA771AA6806}.Release|Any CPU.Build.0 = Release|Any CPU
		{39946540-390D-4DEB-B38A-D6ADB18ACF11}.Debug|Any CPU.ActiveCfg = Debug|Any CPU
		{39946540-390D-4DEB-B38A-D6ADB18ACF11}.Debug|Any CPU.Build.0 = Debug|Any CPU
		{39946540-390D-4DEB-B38A-D6ADB18ACF11}.Release|Any CPU.ActiveCfg = Release|Any CPU
		{39946540-390D-4DEB-B38A-D6ADB18ACF11}.Release|Any CPU.Build.0 = Release|Any CPU
	EndGlobalSection
	GlobalSection(SolutionProperties) = preSolution
		HideSolutionNode = FALSE
	EndGlobalSection
EndGlobal
