
Microsoft Visual Studio Solution File, Format Version 12.00
# Visual Studio 2013
VisualStudioVersion = 12.0.30324.0
MinimumVisualStudioVersion = 10.0.40219.1
Project("{FAE04EC0-301F-11D3-BF4B-00C04F79EFBC}") = "T01to03CountingThings", "T01to03CountingThings\T01to03CountingThings.csproj", "{9EEB0458-9BA3-4433-B8CD-BA0444E71E39}"
EndProject
Project("{FAE04EC0-301F-11D3-BF4B-00C04F79EFBC}") = "T04to05HashStructures", "T04to05HashStructures\T04to05HashStructures.csproj", "{196D52C1-06D2-4343-A5BF-F82EB956237B}"
EndProject
Global
	GlobalSection(SolutionConfigurationPlatforms) = preSolution
		Debug|Any CPU = Debug|Any CPU
		Release|Any CPU = Release|Any CPU
	EndGlobalSection
	GlobalSection(ProjectConfigurationPlatforms) = postSolution
		{9EEB0458-9BA3-4433-B8CD-BA0444E71E39}.Debug|Any CPU.ActiveCfg = Debug|Any CPU
		{9EEB0458-9BA3-4433-B8CD-BA0444E71E39}.Debug|Any CPU.Build.0 = Debug|Any CPU
		{9EEB0458-9BA3-4433-B8CD-BA0444E71E39}.Release|Any CPU.ActiveCfg = Release|Any CPU
		{9EEB0458-9BA3-4433-B8CD-BA0444E71E39}.Release|Any CPU.Build.0 = Release|Any CPU
		{196D52C1-06D2-4343-A5BF-F82EB956237B}.Debug|Any CPU.ActiveCfg = Debug|Any CPU
		{196D52C1-06D2-4343-A5BF-F82EB956237B}.Debug|Any CPU.Build.0 = Debug|Any CPU
		{196D52C1-06D2-4343-A5BF-F82EB956237B}.Release|Any CPU.ActiveCfg = Release|Any CPU
		{196D52C1-06D2-4343-A5BF-F82EB956237B}.Release|Any CPU.Build.0 = Release|Any CPU
	EndGlobalSection
	GlobalSection(SolutionProperties) = preSolution
		HideSolutionNode = FALSE
	EndGlobalSection
EndGlobal
