
Microsoft Visual Studio Solution File, Format Version 12.00
# Visual Studio 2013
VisualStudioVersion = 12.0.30324.0
MinimumVisualStudioVersion = 10.0.40219.1
Project("{FAE04EC0-301F-11D3-BF4B-00C04F79EFBC}") = "NorthwindConsole", "NorthwindConsole\NorthwindConsole.csproj", "{C68DA700-062A-4129-B652-96B9BBF2ABD7}"
EndProject
Global
	GlobalSection(SolutionConfigurationPlatforms) = preSolution
		Debug|Any CPU = Debug|Any CPU
		Release|Any CPU = Release|Any CPU
	EndGlobalSection
	GlobalSection(ProjectConfigurationPlatforms) = postSolution
		{C68DA700-062A-4129-B652-96B9BBF2ABD7}.Debug|Any CPU.ActiveCfg = Debug|Any CPU
		{C68DA700-062A-4129-B652-96B9BBF2ABD7}.Debug|Any CPU.Build.0 = Debug|Any CPU
		{C68DA700-062A-4129-B652-96B9BBF2ABD7}.Release|Any CPU.ActiveCfg = Release|Any CPU
		{C68DA700-062A-4129-B652-96B9BBF2ABD7}.Release|Any CPU.Build.0 = Release|Any CPU
	EndGlobalSection
	GlobalSection(SolutionProperties) = preSolution
		HideSolutionNode = FALSE
	EndGlobalSection
EndGlobal
